
Microsoft Visual Studio Solution File, Format Version 12.00
# Visual Studio Version 16
VisualStudioVersion = 16.0.29021.104
MinimumVisualStudioVersion = 10.0.40219.1
Project("{9A19103F-16F7-4668-BE54-9A1E7A4F7556}") = "SimpleDotNetDB.Core.Data", "src\SimpleDotNetDB.Core.Data\SimpleDotNetDB.Core.Data.csproj", "{0172E438-EEDB-4AC2-A748-ACEE875642DE}"
EndProject
Project("{9A19103F-16F7-4668-BE54-9A1E7A4F7556}") = "SimpleDotNetDB.Core.Business", "src\SimpleDotNetDB.Core.Business\SimpleDotNetDB.Core.Business.csproj", "{839D5413-0443-4AFD-BB43-7DE985BF2296}"
EndProject
Project("{9A19103F-16F7-4668-BE54-9A1E7A4F7556}") = "SimpleDotNetDB.MySQL", "src\SimpleDotNetDB.MySQL\SimpleDotNetDB.MySQL.csproj", "{B0408093-A191-480C-B33E-E05C10D52125}"
EndProject
Project("{9A19103F-16F7-4668-BE54-9A1E7A4F7556}") = "SimpleDotNetDB.SQLServer", "src\SimpleDotNetDB.SQLServer\SimpleDotNetDB.SQLServer.csproj", "{34DEA8F8-8C32-4920-A3A4-6190EAE443EC}"
EndProject
Project("{9A19103F-16F7-4668-BE54-9A1E7A4F7556}") = "UnitTests", "tests\UnitTests\UnitTests.csproj", "{220420E4-4CD8-45EE-B01A-084FCB5B54B3}"
EndProject
Global
	GlobalSection(SolutionConfigurationPlatforms) = preSolution
		Debug|Any CPU = Debug|Any CPU
		Release|Any CPU = Release|Any CPU
	EndGlobalSection
	GlobalSection(ProjectConfigurationPlatforms) = postSolution
		{0172E438-EEDB-4AC2-A748-ACEE875642DE}.Debug|Any CPU.ActiveCfg = Debug|Any CPU
		{0172E438-EEDB-4AC2-A748-ACEE875642DE}.Debug|Any CPU.Build.0 = Debug|Any CPU
		{0172E438-EEDB-4AC2-A748-ACEE875642DE}.Release|Any CPU.ActiveCfg = Release|Any CPU
		{0172E438-EEDB-4AC2-A748-ACEE875642DE}.Release|Any CPU.Build.0 = Release|Any CPU
		{839D5413-0443-4AFD-BB43-7DE985BF2296}.Debug|Any CPU.ActiveCfg = Debug|Any CPU
		{839D5413-0443-4AFD-BB43-7DE985BF2296}.Debug|Any CPU.Build.0 = Debug|Any CPU
		{839D5413-0443-4AFD-BB43-7DE985BF2296}.Release|Any CPU.ActiveCfg = Release|Any CPU
		{839D5413-0443-4AFD-BB43-7DE985BF2296}.Release|Any CPU.Build.0 = Release|Any CPU
		{B0408093-A191-480C-B33E-E05C10D52125}.Debug|Any CPU.ActiveCfg = Debug|Any CPU
		{B0408093-A191-480C-B33E-E05C10D52125}.Debug|Any CPU.Build.0 = Debug|Any CPU
		{B0408093-A191-480C-B33E-E05C10D52125}.Release|Any CPU.ActiveCfg = Release|Any CPU
		{B0408093-A191-480C-B33E-E05C10D52125}.Release|Any CPU.Build.0 = Release|Any CPU
		{34DEA8F8-8C32-4920-A3A4-6190EAE443EC}.Debug|Any CPU.ActiveCfg = Debug|Any CPU
		{34DEA8F8-8C32-4920-A3A4-6190EAE443EC}.Debug|Any CPU.Build.0 = Debug|Any CPU
		{34DEA8F8-8C32-4920-A3A4-6190EAE443EC}.Release|Any CPU.ActiveCfg = Release|Any CPU
		{34DEA8F8-8C32-4920-A3A4-6190EAE443EC}.Release|Any CPU.Build.0 = Release|Any CPU
		{220420E4-4CD8-45EE-B01A-084FCB5B54B3}.Debug|Any CPU.ActiveCfg = Debug|Any CPU
		{220420E4-4CD8-45EE-B01A-084FCB5B54B3}.Debug|Any CPU.Build.0 = Debug|Any CPU
		{220420E4-4CD8-45EE-B01A-084FCB5B54B3}.Release|Any CPU.ActiveCfg = Release|Any CPU
		{220420E4-4CD8-45EE-B01A-084FCB5B54B3}.Release|Any CPU.Build.0 = Release|Any CPU
	EndGlobalSection
	GlobalSection(SolutionProperties) = preSolution
		HideSolutionNode = FALSE
	EndGlobalSection
	GlobalSection(ExtensibilityGlobals) = postSolution
		SolutionGuid = {8A06ABD2-4320-447E-AFB0-81A6A2E50D87}
	EndGlobalSection
EndGlobal
